
Microsoft Visual Studio Solution File, Format Version 12.00
# Visual Studio 15
VisualStudioVersion = 15.0.27703.2047
MinimumVisualStudioVersion = 10.0.40219.1
Project("{FAE04EC0-301F-11D3-BF4B-00C04F79EFBC}") = "classes_and_methods3", "classes_and_methods3\classes_and_methods3.csproj", "{22271CD3-2462-4CFE-8842-DA8D7406B590}"
EndProject
Global
	GlobalSection(SolutionConfigurationPlatforms) = preSolution
		Debug|Any CPU = Debug|Any CPU
		Release|Any CPU = Release|Any CPU
	EndGlobalSection
	GlobalSection(ProjectConfigurationPlatforms) = postSolution
		{22271CD3-2462-4CFE-8842-DA8D7406B590}.Debug|Any CPU.ActiveCfg = Debug|Any CPU
		{22271CD3-2462-4CFE-8842-DA8D7406B590}.Debug|Any CPU.Build.0 = Debug|Any CPU
		{22271CD3-2462-4CFE-8842-DA8D7406B590}.Release|Any CPU.ActiveCfg = Release|Any CPU
		{22271CD3-2462-4CFE-8842-DA8D7406B590}.Release|Any CPU.Build.0 = Release|Any CPU
	EndGlobalSection
	GlobalSection(SolutionProperties) = preSolution
		HideSolutionNode = FALSE
	EndGlobalSection
	GlobalSection(ExtensibilityGlobals) = postSolution
		SolutionGuid = {68C9039A-AE38-465F-B04E-3C5F472B50E4}
	EndGlobalSection
EndGlobal
