
Microsoft Visual Studio Solution File, Format Version 12.00
# Visual Studio 15
VisualStudioVersion = 15.0.27703.2047
MinimumVisualStudioVersion = 10.0.40219.1
Project("{FAE04EC0-301F-11D3-BF4B-00C04F79EFBC}") = "abtsract_class", "abtsract_class\abtsract_class.csproj", "{5D5846EE-10B5-4A20-98BA-EC90809213D1}"
EndProject
Global
	GlobalSection(SolutionConfigurationPlatforms) = preSolution
		Debug|Any CPU = Debug|Any CPU
		Release|Any CPU = Release|Any CPU
	EndGlobalSection
	GlobalSection(ProjectConfigurationPlatforms) = postSolution
		{5D5846EE-10B5-4A20-98BA-EC90809213D1}.Debug|Any CPU.ActiveCfg = Debug|Any CPU
		{5D5846EE-10B5-4A20-98BA-EC90809213D1}.Debug|Any CPU.Build.0 = Debug|Any CPU
		{5D5846EE-10B5-4A20-98BA-EC90809213D1}.Release|Any CPU.ActiveCfg = Release|Any CPU
		{5D5846EE-10B5-4A20-98BA-EC90809213D1}.Release|Any CPU.Build.0 = Release|Any CPU
	EndGlobalSection
	GlobalSection(SolutionProperties) = preSolution
		HideSolutionNode = FALSE
	EndGlobalSection
	GlobalSection(ExtensibilityGlobals) = postSolution
		SolutionGuid = {34A2CE72-1381-435C-A6DE-887B9EB9B922}
	EndGlobalSection
EndGlobal
