
Microsoft Visual Studio Solution File, Format Version 12.00
# Visual Studio 15
VisualStudioVersion = 15.0.27703.2047
MinimumVisualStudioVersion = 10.0.40219.1
Project("{FAE04EC0-301F-11D3-BF4B-00C04F79EFBC}") = "classes_and_methods2", "classes_and_methods2\classes_and_methods2.csproj", "{DB8FB9F3-D8B3-4AC0-B447-EBA50E6F92CD}"
EndProject
Global
	GlobalSection(SolutionConfigurationPlatforms) = preSolution
		Debug|Any CPU = Debug|Any CPU
		Release|Any CPU = Release|Any CPU
	EndGlobalSection
	GlobalSection(ProjectConfigurationPlatforms) = postSolution
		{DB8FB9F3-D8B3-4AC0-B447-EBA50E6F92CD}.Debug|Any CPU.ActiveCfg = Debug|Any CPU
		{DB8FB9F3-D8B3-4AC0-B447-EBA50E6F92CD}.Debug|Any CPU.Build.0 = Debug|Any CPU
		{DB8FB9F3-D8B3-4AC0-B447-EBA50E6F92CD}.Release|Any CPU.ActiveCfg = Release|Any CPU
		{DB8FB9F3-D8B3-4AC0-B447-EBA50E6F92CD}.Release|Any CPU.Build.0 = Release|Any CPU
	EndGlobalSection
	GlobalSection(SolutionProperties) = preSolution
		HideSolutionNode = FALSE
	EndGlobalSection
	GlobalSection(ExtensibilityGlobals) = postSolution
		SolutionGuid = {23B854BD-FC45-4CBD-BEA2-33A840D16902}
	EndGlobalSection
EndGlobal
